// !$*UTF8*$!
{
	archiveVersion = 1;
	classes = {
	};
	objectVersion = 46;
	objects = {

/* Begin PBXBuildFile section */
		81BA814B1A49DA1800E65899 /* AppDelegate.swift in Sources */ = {isa = PBXBuildFile; fileRef = 81BA814A1A49DA1800E65899 /* AppDelegate.swift */; };
		81BA814D1A49DA1800E65899 /* ViewController.swift in Sources */ = {isa = PBXBuildFile; fileRef = 81BA814C1A49DA1800E65899 /* ViewController.swift */; };
		81BA81521A49DA1800E65899 /* Images.xcassets in Resources */ = {isa = PBXBuildFile; fileRef = 81BA81511A49DA1800E65899 /* Images.xcassets */; };
		81BA81701A49DB6800E65899 /* Bolts.framework in Frameworks */ = {isa = PBXBuildFile; fileRef = 81BA816B1A49DB6800E65899 /* Bolts.framework */; };
		81BA81711A49DB6800E65899 /* Parse.framework in Frameworks */ = {isa = PBXBuildFile; fileRef = 81BA816C1A49DB6800E65899 /* Parse.framework */; };
		81BA81721A49DB6800E65899 /* ParseCrashReporting.framework in Frameworks */ = {isa = PBXBuildFile; fileRef = 81BA816D1A49DB6800E65899 /* ParseCrashReporting.framework */; };
		81BA81731A49DB6800E65899 /* ParseFacebookUtils.framework in Frameworks */ = {isa = PBXBuildFile; fileRef = 81BA816E1A49DB6800E65899 /* ParseFacebookUtils.framework */; };
		81BA81771A49E0D500E65899 /* libsqlite3.dylib in Frameworks */ = {isa = PBXBuildFile; fileRef = 81BA81761A49E0D500E65899 /* libsqlite3.dylib */; };
		81BA81791A49E0DB00E65899 /* AudioToolbox.framework in Frameworks */ = {isa = PBXBuildFile; fileRef = 81BA81781A49E0DB00E65899 /* AudioToolbox.framework */; };
		81BA817B1A49E0E500E65899 /* SystemConfiguration.framework in Frameworks */ = {isa = PBXBuildFile; fileRef = 81BA817A1A49E0E500E65899 /* SystemConfiguration.framework */; };
		81BA817F1A49E0F000E65899 /* libstdc++.6.dylib in Frameworks */ = {isa = PBXBuildFile; fileRef = 81BA817E1A49E0F000E65899 /* libstdc++.6.dylib */; };
		81BA81811A49E10C00E65899 /* ParseUI.framework in Frameworks */ = {isa = PBXBuildFile; fileRef = 81BA81801A49E10C00E65899 /* ParseUI.framework */; };
		B001E6311BA93B06005AEB7F /* SleepLogModel.xcdatamodeld in Sources */ = {isa = PBXBuildFile; fileRef = B001E62F1BA93B06005AEB7F /* SleepLogModel.xcdatamodeld */; };
		B00ACC961BC166870069AF91 /* brianSinging.mp3 in Resources */ = {isa = PBXBuildFile; fileRef = B00ACC951BC166870069AF91 /* brianSinging.mp3 */; };
		B00ACC981BC1682A0069AF91 /* brianInokashira.mp3 in Resources */ = {isa = PBXBuildFile; fileRef = B00ACC971BC1682A0069AF91 /* brianInokashira.mp3 */; };
		B014F0F31BCA53DB007B40D0 /* backGround.png in Resources */ = {isa = PBXBuildFile; fileRef = B014F0F21BCA53DB007B40D0 /* backGround.png */; };
		B014F0F71BCA5922007B40D0 /* UserInputModeViewController.swift in Sources */ = {isa = PBXBuildFile; fileRef = B014F0F61BCA5922007B40D0 /* UserInputModeViewController.swift */; };
		B014F1031BCA6435007B40D0 /* backGroundStar.png in Resources */ = {isa = PBXBuildFile; fileRef = B014F1021BCA6435007B40D0 /* backGroundStar.png */; };
		B014F1051BCA7140007B40D0 /* musicOn.png in Resources */ = {isa = PBXBuildFile; fileRef = B014F1041BCA7140007B40D0 /* musicOn.png */; };
		B023655A1C1472500075D447 /* takekoputa.mp3 in Resources */ = {isa = PBXBuildFile; fileRef = B02365551C1472500075D447 /* takekoputa.mp3 */; };
		B023655B1C1472500075D447 /* doraemon.mp3 in Resources */ = {isa = PBXBuildFile; fileRef = B02365561C1472500075D447 /* doraemon.mp3 */; };
		B023655C1C1472500075D447 /* ebisu.mp3 in Resources */ = {isa = PBXBuildFile; fileRef = B02365571C1472500075D447 /* ebisu.mp3 */; };
		B023655D1C1472500075D447 /* india.mp3 in Resources */ = {isa = PBXBuildFile; fileRef = B02365581C1472500075D447 /* india.mp3 */; };
		B023655E1C1472500075D447 /* AllAroundTheWorld.mp3 in Resources */ = {isa = PBXBuildFile; fileRef = B02365591C1472500075D447 /* AllAroundTheWorld.mp3 */; };
		B03D5DA61BFE2BBF00B0E4C6 /* app.png in Resources */ = {isa = PBXBuildFile; fileRef = B03D5DA51BFE2BBF00B0E4C6 /* app.png */; };
		B04455871BE2652D00B899E6 /* Default-568h@2x.png in Resources */ = {isa = PBXBuildFile; fileRef = B04455841BE2652D00B899E6 /* Default-568h@2x.png */; };
		B04455881BE2652D00B899E6 /* Default-667h@2x.png in Resources */ = {isa = PBXBuildFile; fileRef = B04455851BE2652D00B899E6 /* Default-667h@2x.png */; };
		B04455891BE2652D00B899E6 /* Default-736h@3x.png in Resources */ = {isa = PBXBuildFile; fileRef = B04455861BE2652D00B899E6 /* Default-736h@3x.png */; };
		B044558D1BE8784900B899E6 /* Motion.swift in Sources */ = {isa = PBXBuildFile; fileRef = B044558C1BE8784900B899E6 /* Motion.swift */; };
		B04455901BE8786700B899E6 /* MotionEntity.swift in Sources */ = {isa = PBXBuildFile; fileRef = B044558F1BE8786700B899E6 /* MotionEntity.swift */; };
		B04455941BE8A08300B899E6 /* Settings.swift in Sources */ = {isa = PBXBuildFile; fileRef = B04455931BE8A08300B899E6 /* Settings.swift */; };
		B047F2ED1BA91ACA0062F359 /* loveMe.mp3 in Resources */ = {isa = PBXBuildFile; fileRef = B047F2EC1BA91ACA0062F359 /* loveMe.mp3 */; };
		B0497DFA1C0B42A700E66A57 /* titanic.mp3 in Resources */ = {isa = PBXBuildFile; fileRef = B0497DF81C0B42A700E66A57 /* titanic.mp3 */; };
		B0497DFB1C0B42A700E66A57 /* islandSound.mp3 in Resources */ = {isa = PBXBuildFile; fileRef = B0497DF91C0B42A700E66A57 /* islandSound.mp3 */; };
		B0497DFD1C0B444200E66A57 /* JamesBond007.mp3 in Resources */ = {isa = PBXBuildFile; fileRef = B0497DFC1C0B444200E66A57 /* JamesBond007.mp3 */; };
		B06564B11B60F93500E61BCD /* CoreMotion.framework in Frameworks */ = {isa = PBXBuildFile; fileRef = B06564B01B60F93500E61BCD /* CoreMotion.framework */; };
		B06A1D4D1BC9500D00567957 /* shorebirdsBeach.mp3 in Resources */ = {isa = PBXBuildFile; fileRef = B06A1D4C1BC9500D00567957 /* shorebirdsBeach.mp3 */; };
		B07780B81BC3C13400C43975 /* BeachWaves.mp3 in Resources */ = {isa = PBXBuildFile; fileRef = B07780B71BC3C13400C43975 /* BeachWaves.mp3 */; };
		B07C4E291BF23C730097AED4 /* rainforest_ambienc.mp3 in Resources */ = {isa = PBXBuildFile; fileRef = B07C4E281BF23C730097AED4 /* rainforest_ambienc.mp3 */; };
		B0878FB71BD9EB3A00982FF5 /* amusmentPark.mp3 in Resources */ = {isa = PBXBuildFile; fileRef = B0878FB61BD9EB3A00982FF5 /* amusmentPark.mp3 */; };
		B0B5C41C1C3AA71C00BFE94D /* yuikoMusic.png in Resources */ = {isa = PBXBuildFile; fileRef = B0B5C41B1C3AA71C00BFE94D /* yuikoMusic.png */; };
		B0B5C4201C3AABED00BFE94D /* Thailand.png in Resources */ = {isa = PBXBuildFile; fileRef = B0B5C41F1C3AABED00BFE94D /* Thailand.png */; };
		B0B5C4221C3AB00300BFE94D /* Main.storyboard in Resources */ = {isa = PBXBuildFile; fileRef = B0B5C4211C3AB00300BFE94D /* Main.storyboard */; };
		B0E2B81D1BD0EECE00B38B35 /* sleepTimerStartViewController.swift in Sources */ = {isa = PBXBuildFile; fileRef = B0E2B81C1BD0EECE00B38B35 /* sleepTimerStartViewController.swift */; };
		B0EAC4AB1C3B955100FC633B /* playAudio.swift in Sources */ = {isa = PBXBuildFile; fileRef = B0EAC4AA1C3B955100FC633B /* playAudio.swift */; };
		B0EFEA451B62071200D71A35 /* AVFoundation.framework in Frameworks */ = {isa = PBXBuildFile; fileRef = B0EFEA441B62071200D71A35 /* AVFoundation.framework */; };
		E45A1E9F1BCFA34700A9ACC3 /* inputSleepingTime.swift in Sources */ = {isa = PBXBuildFile; fileRef = E45A1E9E1BCFA34400A9ACC3 /* inputSleepingTime.swift */; };
		E47CB5501BCD0585000BD89E /* logInViewController.swift in Sources */ = {isa = PBXBuildFile; fileRef = E47CB54F1BCD0584000BD89E /* logInViewController.swift */; };
		E4EE8E171BCE2FA5006EF84E /* resultViewController.swift in Sources */ = {isa = PBXBuildFile; fileRef = E4EE8E161BCE2FA5006EF84E /* resultViewController.swift */; };
/* End PBXBuildFile section */

/* Begin PBXFileReference section */
		81BA81451A49DA1800E65899 /* DreamDate.app */ = {isa = PBXFileReference; explicitFileType = wrapper.application; includeInIndex = 0; path = DreamDate.app; sourceTree = BUILT_PRODUCTS_DIR; };
		81BA81491A49DA1800E65899 /* Info.plist */ = {isa = PBXFileReference; lastKnownFileType = text.plist.xml; path = Info.plist; sourceTree = "<group>"; };
		81BA814A1A49DA1800E65899 /* AppDelegate.swift */ = {isa = PBXFileReference; lastKnownFileType = sourcecode.swift; path = AppDelegate.swift; sourceTree = "<group>"; };
		81BA814C1A49DA1800E65899 /* ViewController.swift */ = {isa = PBXFileReference; lastKnownFileType = sourcecode.swift; path = ViewController.swift; sourceTree = "<group>"; };
		81BA81511A49DA1800E65899 /* Images.xcassets */ = {isa = PBXFileReference; lastKnownFileType = folder.assetcatalog; path = Images.xcassets; sourceTree = "<group>"; };
		81BA816B1A49DB6800E65899 /* Bolts.framework */ = {isa = PBXFileReference; lastKnownFileType = wrapper.framework; path = Bolts.framework; sourceTree = "<group>"; };
		81BA816C1A49DB6800E65899 /* Parse.framework */ = {isa = PBXFileReference; lastKnownFileType = wrapper.framework; path = Parse.framework; sourceTree = "<group>"; };
		81BA816D1A49DB6800E65899 /* ParseCrashReporting.framework */ = {isa = PBXFileReference; lastKnownFileType = wrapper.framework; path = ParseCrashReporting.framework; sourceTree = "<group>"; };
		81BA816E1A49DB6800E65899 /* ParseFacebookUtils.framework */ = {isa = PBXFileReference; lastKnownFileType = wrapper.framework; path = ParseFacebookUtils.framework; sourceTree = "<group>"; };
		81BA81761A49E0D500E65899 /* libsqlite3.dylib */ = {isa = PBXFileReference; lastKnownFileType = "compiled.mach-o.dylib"; name = libsqlite3.dylib; path = usr/lib/libsqlite3.dylib; sourceTree = SDKROOT; };
		81BA81781A49E0DB00E65899 /* AudioToolbox.framework */ = {isa = PBXFileReference; lastKnownFileType = wrapper.framework; name = AudioToolbox.framework; path = System/Library/Frameworks/AudioToolbox.framework; sourceTree = SDKROOT; };
		81BA817A1A49E0E500E65899 /* SystemConfiguration.framework */ = {isa = PBXFileReference; lastKnownFileType = wrapper.framework; name = SystemConfiguration.framework; path = System/Library/Frameworks/SystemConfiguration.framework; sourceTree = SDKROOT; };
		81BA817E1A49E0F000E65899 /* libstdc++.6.dylib */ = {isa = PBXFileReference; lastKnownFileType = "compiled.mach-o.dylib"; name = "libstdc++.6.dylib"; path = "usr/lib/libstdc++.6.dylib"; sourceTree = SDKROOT; };
		81BA81801A49E10C00E65899 /* ParseUI.framework */ = {isa = PBXFileReference; lastKnownFileType = wrapper.framework; path = ParseUI.framework; sourceTree = "<group>"; };
		81BA81821A49E27F00E65899 /* ParseStarterProject-Bridging-Header.h */ = {isa = PBXFileReference; fileEncoding = 4; lastKnownFileType = sourcecode.c.h; path = "ParseStarterProject-Bridging-Header.h"; sourceTree = "<group>"; };
		B001E6301BA93B06005AEB7F /* SleepLogModel.xcdatamodel */ = {isa = PBXFileReference; lastKnownFileType = wrapper.xcdatamodel; path = SleepLogModel.xcdatamodel; sourceTree = "<group>"; };
		B00ACC951BC166870069AF91 /* brianSinging.mp3 */ = {isa = PBXFileReference; lastKnownFileType = audio.mp3; path = brianSinging.mp3; sourceTree = "<group>"; };
		B00ACC971BC1682A0069AF91 /* brianInokashira.mp3 */ = {isa = PBXFileReference; lastKnownFileType = audio.mp3; path = brianInokashira.mp3; sourceTree = "<group>"; };
		B014F0F21BCA53DB007B40D0 /* backGround.png */ = {isa = PBXFileReference; lastKnownFileType = image.png; path = backGround.png; sourceTree = "<group>"; };
		B014F0F61BCA5922007B40D0 /* UserInputModeViewController.swift */ = {isa = PBXFileReference; fileEncoding = 4; lastKnownFileType = sourcecode.swift; path = UserInputModeViewController.swift; sourceTree = "<group>"; };
		B014F1021BCA6435007B40D0 /* backGroundStar.png */ = {isa = PBXFileReference; lastKnownFileType = image.png; path = backGroundStar.png; sourceTree = "<group>"; };
		B014F1041BCA7140007B40D0 /* musicOn.png */ = {isa = PBXFileReference; lastKnownFileType = image.png; path = musicOn.png; sourceTree = "<group>"; };
		B02365551C1472500075D447 /* takekoputa.mp3 */ = {isa = PBXFileReference; lastKnownFileType = audio.mp3; path = takekoputa.mp3; sourceTree = "<group>"; };
		B02365561C1472500075D447 /* doraemon.mp3 */ = {isa = PBXFileReference; lastKnownFileType = audio.mp3; path = doraemon.mp3; sourceTree = "<group>"; };
		B02365571C1472500075D447 /* ebisu.mp3 */ = {isa = PBXFileReference; lastKnownFileType = audio.mp3; path = ebisu.mp3; sourceTree = "<group>"; };
		B02365581C1472500075D447 /* india.mp3 */ = {isa = PBXFileReference; lastKnownFileType = audio.mp3; path = india.mp3; sourceTree = "<group>"; };
		B02365591C1472500075D447 /* AllAroundTheWorld.mp3 */ = {isa = PBXFileReference; lastKnownFileType = audio.mp3; path = AllAroundTheWorld.mp3; sourceTree = "<group>"; };
		B03D5DA51BFE2BBF00B0E4C6 /* app.png */ = {isa = PBXFileReference; lastKnownFileType = image.png; path = app.png; sourceTree = "<group>"; };
		B04455841BE2652D00B899E6 /* Default-568h@2x.png */ = {isa = PBXFileReference; lastKnownFileType = image.png; path = "Default-568h@2x.png"; sourceTree = "<group>"; };
		B04455851BE2652D00B899E6 /* Default-667h@2x.png */ = {isa = PBXFileReference; lastKnownFileType = image.png; path = "Default-667h@2x.png"; sourceTree = "<group>"; };
		B04455861BE2652D00B899E6 /* Default-736h@3x.png */ = {isa = PBXFileReference; lastKnownFileType = image.png; path = "Default-736h@3x.png"; sourceTree = "<group>"; };
		B044558C1BE8784900B899E6 /* Motion.swift */ = {isa = PBXFileReference; fileEncoding = 4; lastKnownFileType = sourcecode.swift; path = Motion.swift; sourceTree = "<group>"; };
		B044558F1BE8786700B899E6 /* MotionEntity.swift */ = {isa = PBXFileReference; fileEncoding = 4; lastKnownFileType = sourcecode.swift; path = MotionEntity.swift; sourceTree = "<group>"; };
		B04455931BE8A08300B899E6 /* Settings.swift */ = {isa = PBXFileReference; fileEncoding = 4; lastKnownFileType = sourcecode.swift; path = Settings.swift; sourceTree = "<group>"; };
		B047F2EB1BA915B10062F359 /* dreamDate.pages */ = {isa = PBXFileReference; lastKnownFileType = file; path = dreamDate.pages; sourceTree = "<group>"; };
		B047F2EC1BA91ACA0062F359 /* loveMe.mp3 */ = {isa = PBXFileReference; lastKnownFileType = audio.mp3; path = loveMe.mp3; sourceTree = "<group>"; };
		B0497DF81C0B42A700E66A57 /* titanic.mp3 */ = {isa = PBXFileReference; lastKnownFileType = audio.mp3; path = titanic.mp3; sourceTree = "<group>"; };
		B0497DF91C0B42A700E66A57 /* islandSound.mp3 */ = {isa = PBXFileReference; lastKnownFileType = audio.mp3; path = islandSound.mp3; sourceTree = "<group>"; };
		B0497DFC1C0B444200E66A57 /* JamesBond007.mp3 */ = {isa = PBXFileReference; lastKnownFileType = audio.mp3; path = JamesBond007.mp3; sourceTree = "<group>"; };
		B06564B01B60F93500E61BCD /* CoreMotion.framework */ = {isa = PBXFileReference; lastKnownFileType = wrapper.framework; name = CoreMotion.framework; path = System/Library/Frameworks/CoreMotion.framework; sourceTree = SDKROOT; };
		B06A1D4C1BC9500D00567957 /* shorebirdsBeach.mp3 */ = {isa = PBXFileReference; lastKnownFileType = audio.mp3; path = shorebirdsBeach.mp3; sourceTree = "<group>"; };
		B07780B71BC3C13400C43975 /* BeachWaves.mp3 */ = {isa = PBXFileReference; lastKnownFileType = audio.mp3; path = BeachWaves.mp3; sourceTree = "<group>"; };
		B07C4E281BF23C730097AED4 /* rainforest_ambienc.mp3 */ = {isa = PBXFileReference; lastKnownFileType = audio.mp3; path = rainforest_ambienc.mp3; sourceTree = "<group>"; };
		B0878FB61BD9EB3A00982FF5 /* amusmentPark.mp3 */ = {isa = PBXFileReference; lastKnownFileType = audio.mp3; path = amusmentPark.mp3; sourceTree = "<group>"; };
		B0B5C41B1C3AA71C00BFE94D /* yuikoMusic.png */ = {isa = PBXFileReference; lastKnownFileType = image.png; path = yuikoMusic.png; sourceTree = "<group>"; };
		B0B5C41F1C3AABED00BFE94D /* Thailand.png */ = {isa = PBXFileReference; lastKnownFileType = image.png; path = Thailand.png; sourceTree = "<group>"; };
		B0B5C4211C3AB00300BFE94D /* Main.storyboard */ = {isa = PBXFileReference; fileEncoding = 4; lastKnownFileType = file.storyboard; path = Main.storyboard; sourceTree = "<group>"; };
		B0E2B81C1BD0EECE00B38B35 /* sleepTimerStartViewController.swift */ = {isa = PBXFileReference; fileEncoding = 4; lastKnownFileType = sourcecode.swift; path = sleepTimerStartViewController.swift; sourceTree = "<group>"; };
		B0EAC4AA1C3B955100FC633B /* playAudio.swift */ = {isa = PBXFileReference; fileEncoding = 4; lastKnownFileType = sourcecode.swift; path = playAudio.swift; sourceTree = "<group>"; };
		B0EFEA441B62071200D71A35 /* AVFoundation.framework */ = {isa = PBXFileReference; lastKnownFileType = wrapper.framework; name = AVFoundation.framework; path = System/Library/Frameworks/AVFoundation.framework; sourceTree = SDKROOT; };
		E45A1E9E1BCFA34400A9ACC3 /* inputSleepingTime.swift */ = {isa = PBXFileReference; fileEncoding = 4; lastKnownFileType = sourcecode.swift; path = inputSleepingTime.swift; sourceTree = "<group>"; };
		E47CB54F1BCD0584000BD89E /* logInViewController.swift */ = {isa = PBXFileReference; fileEncoding = 4; lastKnownFileType = sourcecode.swift; path = logInViewController.swift; sourceTree = "<group>"; };
		E4EE8E161BCE2FA5006EF84E /* resultViewController.swift */ = {isa = PBXFileReference; fileEncoding = 4; lastKnownFileType = sourcecode.swift; path = resultViewController.swift; sourceTree = "<group>"; };
/* End PBXFileReference section */

/* Begin PBXFrameworksBuildPhase section */
		81BA81421A49DA1800E65899 /* Frameworks */ = {
			isa = PBXFrameworksBuildPhase;
			buildActionMask = 2147483647;
			files = (
				B0EFEA451B62071200D71A35 /* AVFoundation.framework in Frameworks */,
				B06564B11B60F93500E61BCD /* CoreMotion.framework in Frameworks */,
				81BA817F1A49E0F000E65899 /* libstdc++.6.dylib in Frameworks */,
				81BA817B1A49E0E500E65899 /* SystemConfiguration.framework in Frameworks */,
				81BA81791A49E0DB00E65899 /* AudioToolbox.framework in Frameworks */,
				81BA81771A49E0D500E65899 /* libsqlite3.dylib in Frameworks */,
				81BA81711A49DB6800E65899 /* Parse.framework in Frameworks */,
				81BA81721A49DB6800E65899 /* ParseCrashReporting.framework in Frameworks */,
				81BA81731A49DB6800E65899 /* ParseFacebookUtils.framework in Frameworks */,
				81BA81811A49E10C00E65899 /* ParseUI.framework in Frameworks */,
				81BA81701A49DB6800E65899 /* Bolts.framework in Frameworks */,
			);
			runOnlyForDeploymentPostprocessing = 0;
		};
/* End PBXFrameworksBuildPhase section */

/* Begin PBXGroup section */
		81BA813C1A49DA1800E65899 = {
			isa = PBXGroup;
			children = (
				81BA81471A49DA1800E65899 /* DreamDate */,
				81BA816A1A49DB5600E65899 /* Frameworks */,
				81BA81461A49DA1800E65899 /* Products */,
			);
			sourceTree = "<group>";
		};
		81BA81461A49DA1800E65899 /* Products */ = {
			isa = PBXGroup;
			children = (
				81BA81451A49DA1800E65899 /* DreamDate.app */,
			);
			name = Products;
			sourceTree = "<group>";
		};
		81BA81471A49DA1800E65899 /* DreamDate */ = {
			isa = PBXGroup;
			children = (
				B044558A1BE8780700B899E6 /* App */,
				B04455921BE8A05A00B899E6 /* Config */,
				E4EF38801BCCEB2E007730FC /* music */,
				E4EF38811BCCEB54007730FC /* images */,
				E4EF38821BCCEB60007730FC /* docs */,
				B001E62F1BA93B06005AEB7F /* SleepLogModel.xcdatamodeld */,
				B0878F781BD918FA00982FF5 /* hide */,
				81BA81511A49DA1800E65899 /* Images.xcassets */,
				81BA81481A49DA1800E65899 /* Supporting Files */,
			);
			name = DreamDate;
			path = ParseStarterProject;
			sourceTree = "<group>";
		};
		81BA81481A49DA1800E65899 /* Supporting Files */ = {
			isa = PBXGroup;
			children = (
				81BA81491A49DA1800E65899 /* Info.plist */,
				81BA81821A49E27F00E65899 /* ParseStarterProject-Bridging-Header.h */,
			);
			name = "Supporting Files";
			sourceTree = "<group>";
		};
		81BA816A1A49DB5600E65899 /* Frameworks */ = {
			isa = PBXGroup;
			children = (
				B0EFEA441B62071200D71A35 /* AVFoundation.framework */,
				B06564B01B60F93500E61BCD /* CoreMotion.framework */,
				81BA816B1A49DB6800E65899 /* Bolts.framework */,
				81BA816C1A49DB6800E65899 /* Parse.framework */,
				81BA816D1A49DB6800E65899 /* ParseCrashReporting.framework */,
				81BA816E1A49DB6800E65899 /* ParseFacebookUtils.framework */,
				81BA81801A49E10C00E65899 /* ParseUI.framework */,
				81BA81751A49E0C500E65899 /* System Frameworks */,
			);
			name = Frameworks;
			sourceTree = "<group>";
		};
		81BA81751A49E0C500E65899 /* System Frameworks */ = {
			isa = PBXGroup;
			children = (
				81BA817E1A49E0F000E65899 /* libstdc++.6.dylib */,
				81BA817A1A49E0E500E65899 /* SystemConfiguration.framework */,
				81BA81781A49E0DB00E65899 /* AudioToolbox.framework */,
				81BA81761A49E0D500E65899 /* libsqlite3.dylib */,
			);
			name = "System Frameworks";
			sourceTree = "<group>";
		};
		B044558A1BE8780700B899E6 /* App */ = {
			isa = PBXGroup;
			children = (
				B0B5C4211C3AB00300BFE94D /* Main.storyboard */,
				B044558E1BE8785800B899E6 /* Entities */,
				B044558B1BE8781000B899E6 /* Models */,
				B04455911BE87A1100B899E6 /* Controllers */,
			);
			name = App;
			sourceTree = "<group>";
		};
		B044558B1BE8781000B899E6 /* Models */ = {
			isa = PBXGroup;
			children = (
				B044558C1BE8784900B899E6 /* Motion.swift */,
			);
			name = Models;
			sourceTree = "<group>";
		};
		B044558E1BE8785800B899E6 /* Entities */ = {
			isa = PBXGroup;
			children = (
				B044558F1BE8786700B899E6 /* MotionEntity.swift */,
			);
			name = Entities;
			sourceTree = "<group>";
		};
		B04455911BE87A1100B899E6 /* Controllers */ = {
			isa = PBXGroup;
			children = (
				81BA814C1A49DA1800E65899 /* ViewController.swift */,
				B0EAC4AA1C3B955100FC633B /* playAudio.swift */,
				B014F0F61BCA5922007B40D0 /* UserInputModeViewController.swift */,
				E45A1E9E1BCFA34400A9ACC3 /* inputSleepingTime.swift */,
				B0E2B81C1BD0EECE00B38B35 /* sleepTimerStartViewController.swift */,
				E4EE8E161BCE2FA5006EF84E /* resultViewController.swift */,
				81BA814A1A49DA1800E65899 /* AppDelegate.swift */,
			);
			name = Controllers;
			sourceTree = "<group>";
		};
		B04455921BE8A05A00B899E6 /* Config */ = {
			isa = PBXGroup;
			children = (
				B04455931BE8A08300B899E6 /* Settings.swift */,
			);
			name = Config;
			sourceTree = "<group>";
		};
		B0878F781BD918FA00982FF5 /* hide */ = {
			isa = PBXGroup;
			children = (
				E47CB54F1BCD0584000BD89E /* logInViewController.swift */,
			);
			name = hide;
			sourceTree = "<group>";
		};
		E4EF38801BCCEB2E007730FC /* music */ = {
			isa = PBXGroup;
			children = (
				B0878FB61BD9EB3A00982FF5 /* amusmentPark.mp3 */,
				B0497DF81C0B42A700E66A57 /* titanic.mp3 */,
				B02365551C1472500075D447 /* takekoputa.mp3 */,
				B02365561C1472500075D447 /* doraemon.mp3 */,
				B02365571C1472500075D447 /* ebisu.mp3 */,
				B02365581C1472500075D447 /* india.mp3 */,
				B02365591C1472500075D447 /* AllAroundTheWorld.mp3 */,
				B0497DF91C0B42A700E66A57 /* islandSound.mp3 */,
				B0497DFC1C0B444200E66A57 /* JamesBond007.mp3 */,
				B00ACC971BC1682A0069AF91 /* brianInokashira.mp3 */,
				B07C4E281BF23C730097AED4 /* rainforest_ambienc.mp3 */,
				B047F2EC1BA91ACA0062F359 /* loveMe.mp3 */,
				B06A1D4C1BC9500D00567957 /* shorebirdsBeach.mp3 */,
				B00ACC951BC166870069AF91 /* brianSinging.mp3 */,
				B07780B71BC3C13400C43975 /* BeachWaves.mp3 */,
			);
			name = music;
			sourceTree = "<group>";
		};
		E4EF38811BCCEB54007730FC /* images */ = {
			isa = PBXGroup;
			children = (
				B0B5C41B1C3AA71C00BFE94D /* yuikoMusic.png */,
				B0B5C41F1C3AABED00BFE94D /* Thailand.png */,
				B03D5DA51BFE2BBF00B0E4C6 /* app.png */,
				B04455841BE2652D00B899E6 /* Default-568h@2x.png */,
				B04455851BE2652D00B899E6 /* Default-667h@2x.png */,
				B04455861BE2652D00B899E6 /* Default-736h@3x.png */,
				B014F1021BCA6435007B40D0 /* backGroundStar.png */,
				B014F0F21BCA53DB007B40D0 /* backGround.png */,
				B014F1041BCA7140007B40D0 /* musicOn.png */,
			);
			name = images;
			sourceTree = "<group>";
		};
		E4EF38821BCCEB60007730FC /* docs */ = {
			isa = PBXGroup;
			children = (
				B047F2EB1BA915B10062F359 /* dreamDate.pages */,
			);
			name = docs;
			sourceTree = "<group>";
		};
/* End PBXGroup section */

/* Begin PBXNativeTarget section */
		81BA81441A49DA1800E65899 /* DreamDate */ = {
			isa = PBXNativeTarget;
			buildConfigurationList = 81BA81641A49DA1800E65899 /* Build configuration list for PBXNativeTarget "DreamDate" */;
			buildPhases = (
				81BA81411A49DA1800E65899 /* Sources */,
				81BA81421A49DA1800E65899 /* Frameworks */,
				81BA81431A49DA1800E65899 /* Resources */,
				81CC85E11A49F6D40076DE19 /* Upload Symbol Files */,
			);
			buildRules = (
			);
			dependencies = (
			);
			name = DreamDate;
			productName = ParseStarterProject;
			productReference = 81BA81451A49DA1800E65899 /* DreamDate.app */;
			productType = "com.apple.product-type.application";
		};
/* End PBXNativeTarget section */

/* Begin PBXProject section */
		81BA813D1A49DA1800E65899 /* Project object */ = {
			isa = PBXProject;
			attributes = {
				LastSwiftMigration = 0700;
				LastSwiftUpdateCheck = 0700;
				LastUpgradeCheck = 0700;
				ORGANIZATIONNAME = Parse;
				TargetAttributes = {
					81BA81441A49DA1800E65899 = {
						CreatedOnToolsVersion = 6.1.1;
						DevelopmentTeam = M6TJK4GHCY;
					};
				};
			};
			buildConfigurationList = 81BA81401A49DA1800E65899 /* Build configuration list for PBXProject "DreamDate" */;
			compatibilityVersion = "Xcode 3.2";
			developmentRegion = English;
			hasScannedForEncodings = 0;
			knownRegions = (
				en,
				Base,
			);
			mainGroup = 81BA813C1A49DA1800E65899;
			productRefGroup = 81BA81461A49DA1800E65899 /* Products */;
			projectDirPath = "";
			projectRoot = "";
			targets = (
				81BA81441A49DA1800E65899 /* DreamDate */,
			);
		};
/* End PBXProject section */

/* Begin PBXResourcesBuildPhase section */
		81BA81431A49DA1800E65899 /* Resources */ = {
			isa = PBXResourcesBuildPhase;
			buildActionMask = 2147483647;
			files = (
				B00ACC961BC166870069AF91 /* brianSinging.mp3 in Resources */,
				B0497DFA1C0B42A700E66A57 /* titanic.mp3 in Resources */,
				B023655B1C1472500075D447 /* doraemon.mp3 in Resources */,
				B04455881BE2652D00B899E6 /* Default-667h@2x.png in Resources */,
				B00ACC981BC1682A0069AF91 /* brianInokashira.mp3 in Resources */,
				B023655E1C1472500075D447 /* AllAroundTheWorld.mp3 in Resources */,
				B023655A1C1472500075D447 /* takekoputa.mp3 in Resources */,
				B0B5C4221C3AB00300BFE94D /* Main.storyboard in Resources */,
				B03D5DA61BFE2BBF00B0E4C6 /* app.png in Resources */,
				B07780B81BC3C13400C43975 /* BeachWaves.mp3 in Resources */,
				B07C4E291BF23C730097AED4 /* rainforest_ambienc.mp3 in Resources */,
				B0878FB71BD9EB3A00982FF5 /* amusmentPark.mp3 in Resources */,
				B0B5C4201C3AABED00BFE94D /* Thailand.png in Resources */,
				B04455871BE2652D00B899E6 /* Default-568h@2x.png in Resources */,
				B047F2ED1BA91ACA0062F359 /* loveMe.mp3 in Resources */,
				B014F1031BCA6435007B40D0 /* backGroundStar.png in Resources */,
				B014F1051BCA7140007B40D0 /* musicOn.png in Resources */,
				B0497DFB1C0B42A700E66A57 /* islandSound.mp3 in Resources */,
				B014F0F31BCA53DB007B40D0 /* backGround.png in Resources */,
				B0B5C41C1C3AA71C00BFE94D /* yuikoMusic.png in Resources */,
				B0497DFD1C0B444200E66A57 /* JamesBond007.mp3 in Resources */,
				B023655D1C1472500075D447 /* india.mp3 in Resources */,
				B06A1D4D1BC9500D00567957 /* shorebirdsBeach.mp3 in Resources */,
				B023655C1C1472500075D447 /* ebisu.mp3 in Resources */,
				81BA81521A49DA1800E65899 /* Images.xcassets in Resources */,
				B04455891BE2652D00B899E6 /* Default-736h@3x.png in Resources */,
			);
			runOnlyForDeploymentPostprocessing = 0;
		};
/* End PBXResourcesBuildPhase section */

/* Begin PBXShellScriptBuildPhase section */
		81CC85E11A49F6D40076DE19 /* Upload Symbol Files */ = {
			isa = PBXShellScriptBuildPhase;
			buildActionMask = 2147483647;
			files = (
			);
			inputPaths = (
			);
			name = "Upload Symbol Files";
			outputPaths = (
			);
			runOnlyForDeploymentPostprocessing = 0;
			shellPath = /bin/sh;
			shellScript = "# This script will upload symbol files for your application,\n# so all your crash reports are going to be symbolicated\n\n# Important!\n# Before using the script, please initialize CloudCode folder and replace <path_to_cloudcode_folder> with the path to it\n#\n# Read more on Parse.com - https://parse.com/apps/quickstart#analytics/crashreporting/ios/\n############################################################\n\n\n# export PATH=/usr/local/bin:$PATH\n# cd <path_to_cloudcode_folder>\n\n# parse symbols -p \"${DWARF_DSYM_FOLDER_PATH}/${DWARF_DSYM_FILE_NAME}\"\n";
		};
/* End PBXShellScriptBuildPhase section */

/* Begin PBXSourcesBuildPhase section */
		81BA81411A49DA1800E65899 /* Sources */ = {
			isa = PBXSourcesBuildPhase;
			buildActionMask = 2147483647;
			files = (
				B04455901BE8786700B899E6 /* MotionEntity.swift in Sources */,
				81BA814D1A49DA1800E65899 /* ViewController.swift in Sources */,
				B0EAC4AB1C3B955100FC633B /* playAudio.swift in Sources */,
				B001E6311BA93B06005AEB7F /* SleepLogModel.xcdatamodeld in Sources */,
				E45A1E9F1BCFA34700A9ACC3 /* inputSleepingTime.swift in Sources */,
				81BA814B1A49DA1800E65899 /* AppDelegate.swift in Sources */,
				B044558D1BE8784900B899E6 /* Motion.swift in Sources */,
				E4EE8E171BCE2FA5006EF84E /* resultViewController.swift in Sources */,
				B0E2B81D1BD0EECE00B38B35 /* sleepTimerStartViewController.swift in Sources */,
				E47CB5501BCD0585000BD89E /* logInViewController.swift in Sources */,
				B04455941BE8A08300B899E6 /* Settings.swift in Sources */,
				B014F0F71BCA5922007B40D0 /* UserInputModeViewController.swift in Sources */,
			);
			runOnlyForDeploymentPostprocessing = 0;
		};
/* End PBXSourcesBuildPhase section */

/* Begin XCBuildConfiguration section */
		81BA81621A49DA1800E65899 /* Debug */ = {
			isa = XCBuildConfiguration;
			buildSettings = {
				ALWAYS_SEARCH_USER_PATHS = NO;
				CLANG_CXX_LANGUAGE_STANDARD = "gnu++0x";
				CLANG_CXX_LIBRARY = "libc++";
				CLANG_ENABLE_MODULES = YES;
				CLANG_ENABLE_OBJC_ARC = YES;
				CLANG_WARN_BOOL_CONVERSION = YES;
				CLANG_WARN_CONSTANT_CONVERSION = YES;
				CLANG_WARN_DIRECT_OBJC_ISA_USAGE = YES_ERROR;
				CLANG_WARN_EMPTY_BODY = YES;
				CLANG_WARN_ENUM_CONVERSION = YES;
				CLANG_WARN_INT_CONVERSION = YES;
				CLANG_WARN_OBJC_ROOT_CLASS = YES_ERROR;
				CLANG_WARN_UNREACHABLE_CODE = YES;
				CLANG_WARN__DUPLICATE_METHOD_MATCH = YES;
				CODE_SIGN_IDENTITY = "iPhone Developer: 理紗 樋山 (KSZE6D49E7)";
				"CODE_SIGN_IDENTITY[sdk=iphoneos*]" = "iPhone Developer: 理紗 樋山 (KSZE6D49E7)";
				COPY_PHASE_STRIP = NO;
				EMBEDDED_CONTENT_CONTAINS_SWIFT = YES;
				ENABLE_BITCODE = NO;
				ENABLE_STRICT_OBJC_MSGSEND = YES;
				ENABLE_TESTABILITY = YES;
				GCC_C_LANGUAGE_STANDARD = gnu99;
				GCC_DYNAMIC_NO_PIC = NO;
				GCC_OPTIMIZATION_LEVEL = 0;
				GCC_PREPROCESSOR_DEFINITIONS = (
					"DEBUG=1",
					"$(inherited)",
				);
				GCC_SYMBOLS_PRIVATE_EXTERN = NO;
				GCC_WARN_64_TO_32_BIT_CONVERSION = YES;
				GCC_WARN_ABOUT_RETURN_TYPE = YES_ERROR;
				GCC_WARN_UNDECLARED_SELECTOR = YES;
				GCC_WARN_UNINITIALIZED_AUTOS = YES_AGGRESSIVE;
				GCC_WARN_UNUSED_FUNCTION = YES;
				GCC_WARN_UNUSED_VARIABLE = YES;
				IPHONEOS_DEPLOYMENT_TARGET = 7.0;
				MTL_ENABLE_DEBUG_INFO = YES;
				ONLY_ACTIVE_ARCH = YES;
				PROVISIONING_PROFILE = "7099d8b4-1ffe-4409-a4d4-a75da5f67b70";
				SDKROOT = iphoneos;
				SWIFT_OPTIMIZATION_LEVEL = "-Onone";
				TARGETED_DEVICE_FAMILY = "1,2";
			};
			name = Debug;
		};
		81BA81631A49DA1800E65899 /* Release */ = {
			isa = XCBuildConfiguration;
			buildSettings = {
				ALWAYS_SEARCH_USER_PATHS = NO;
				CLANG_CXX_LANGUAGE_STANDARD = "gnu++0x";
				CLANG_CXX_LIBRARY = "libc++";
				CLANG_ENABLE_MODULES = YES;
				CLANG_ENABLE_OBJC_ARC = YES;
				CLANG_WARN_BOOL_CONVERSION = YES;
				CLANG_WARN_CONSTANT_CONVERSION = YES;
				CLANG_WARN_DIRECT_OBJC_ISA_USAGE = YES_ERROR;
				CLANG_WARN_EMPTY_BODY = YES;
				CLANG_WARN_ENUM_CONVERSION = YES;
				CLANG_WARN_INT_CONVERSION = YES;
				CLANG_WARN_OBJC_ROOT_CLASS = YES_ERROR;
				CLANG_WARN_UNREACHABLE_CODE = YES;
				CLANG_WARN__DUPLICATE_METHOD_MATCH = YES;
				CODE_SIGN_IDENTITY = "iPhone Developer: 理紗 樋山 (KSZE6D49E7)";
				"CODE_SIGN_IDENTITY[sdk=iphoneos*]" = "iPhone Developer: 理紗 樋山 (KSZE6D49E7)";
				COPY_PHASE_STRIP = YES;
				EMBEDDED_CONTENT_CONTAINS_SWIFT = YES;
				ENABLE_BITCODE = NO;
				ENABLE_NS_ASSERTIONS = NO;
				ENABLE_STRICT_OBJC_MSGSEND = YES;
				GCC_C_LANGUAGE_STANDARD = gnu99;
				GCC_WARN_64_TO_32_BIT_CONVERSION = YES;
				GCC_WARN_ABOUT_RETURN_TYPE = YES_ERROR;
				GCC_WARN_UNDECLARED_SELECTOR = YES;
				GCC_WARN_UNINITIALIZED_AUTOS = YES_AGGRESSIVE;
				GCC_WARN_UNUSED_FUNCTION = YES;
				GCC_WARN_UNUSED_VARIABLE = YES;
				IPHONEOS_DEPLOYMENT_TARGET = 7.0;
				MTL_ENABLE_DEBUG_INFO = NO;
				PROVISIONING_PROFILE = "7099d8b4-1ffe-4409-a4d4-a75da5f67b70";
				SDKROOT = iphoneos;
				TARGETED_DEVICE_FAMILY = "1,2";
				VALIDATE_PRODUCT = YES;
			};
			name = Release;
		};
		81BA81651A49DA1800E65899 /* Debug */ = {
			isa = XCBuildConfiguration;
			buildSettings = {
				ASSETCATALOG_COMPILER_APPICON_NAME = AppIcon;
				ASSETCATALOG_COMPILER_LAUNCHIMAGE_NAME = LaunchImage;
				CODE_SIGN_IDENTITY = "iPhone Developer";
				"CODE_SIGN_IDENTITY[sdk=*]" = "iPhone Developer: 理紗 樋山 (KSZE6D49E7)";
				"CODE_SIGN_IDENTITY[sdk=iphoneos*]" = "iPhone Developer";
				ENABLE_BITCODE = NO;
				FRAMEWORK_SEARCH_PATHS = (
					"$(inherited)",
					"$(PROJECT_DIR)",
				);
				INFOPLIST_FILE = ParseStarterProject/Info.plist;
				IPHONEOS_DEPLOYMENT_TARGET = 9.1;
				LD_RUNPATH_SEARCH_PATHS = "$(inherited) @executable_path/Frameworks";
				PRODUCT_BUNDLE_IDENTIFIER = com.risahiyama.dreamdate;
				PRODUCT_NAME = DreamDate;
				PROVISIONING_PROFILE = "";
				SWIFT_OBJC_BRIDGING_HEADER = "ParseStarterProject/ParseStarterProject-Bridging-Header.h";
				TARGETED_DEVICE_FAMILY = 1;
			};
			name = Debug;
		};
		81BA81661A49DA1800E65899 /* Release */ = {
			isa = XCBuildConfiguration;
			buildSettings = {
				ASSETCATALOG_COMPILER_APPICON_NAME = AppIcon;
				ASSETCATALOG_COMPILER_LAUNCHIMAGE_NAME = LaunchImage;
				CODE_SIGN_IDENTITY = "iPhone Developer";
				"CODE_SIGN_IDENTITY[sdk=iphoneos*]" = "iPhone Developer";
				ENABLE_BITCODE = NO;
				FRAMEWORK_SEARCH_PATHS = (
					"$(inherited)",
					"$(PROJECT_DIR)",
				);
				INFOPLIST_FILE = ParseStarterProject/Info.plist;
				IPHONEOS_DEPLOYMENT_TARGET = 9.1;
				LD_RUNPATH_SEARCH_PATHS = "$(inherited) @executable_path/Frameworks";
				PRODUCT_BUNDLE_IDENTIFIER = com.risahiyama.dreamdate;
				PRODUCT_NAME = DreamDate;
				PROVISIONING_PROFILE = "";
				SWIFT_OBJC_BRIDGING_HEADER = "ParseStarterProject/ParseStarterProject-Bridging-Header.h";
				TARGETED_DEVICE_FAMILY = 1;
			};
			name = Release;
		};
/* End XCBuildConfiguration section */

/* Begin XCConfigurationList section */
		81BA81401A49DA1800E65899 /* Build configuration list for PBXProject "DreamDate" */ = {
			isa = XCConfigurationList;
			buildConfigurations = (
				81BA81621A49DA1800E65899 /* Debug */,
				81BA81631A49DA1800E65899 /* Release */,
			);
			defaultConfigurationIsVisible = 0;
			defaultConfigurationName = Release;
		};
		81BA81641A49DA1800E65899 /* Build configuration list for PBXNativeTarget "DreamDate" */ = {
			isa = XCConfigurationList;
			buildConfigurations = (
				81BA81651A49DA1800E65899 /* Debug */,
				81BA81661A49DA1800E65899 /* Release */,
			);
			defaultConfigurationIsVisible = 0;
			defaultConfigurationName = Release;
		};
/* End XCConfigurationList section */

/* Begin XCVersionGroup section */
		B001E62F1BA93B06005AEB7F /* SleepLogModel.xcdatamodeld */ = {
			isa = XCVersionGroup;
			children = (
				B001E6301BA93B06005AEB7F /* SleepLogModel.xcdatamodel */,
			);
			currentVersion = B001E6301BA93B06005AEB7F /* SleepLogModel.xcdatamodel */;
			path = SleepLogModel.xcdatamodeld;
			sourceTree = "<group>";
			versionGroupType = wrapper.xcdatamodel;
		};
/* End XCVersionGroup section */
	};
	rootObject = 81BA813D1A49DA1800E65899 /* Project object */;
}
